{
  "name": "nodeStudy",
  "lockfileVersion": 2,
  "requires": true,
  "packages": {
    "": {
      "dependencies": {
        "sample-package": "file:study/packageModuleTest/sample-package"
      }
    },
    "node_modules/sample-package": {
      "resolved": "study/packageModuleTest/sample-package",
      "link": true
    },
    "study/packageModuleTest/sample-package": {
      "version": "1.0.0",
      "license": "ISC"
    }
  },
  "dependencies": {
    "sample-package": {
      "version": "file:study/packageModuleTest/sample-package"
    }
  }
}
